
Microsoft Visual Studio Solution File, Format Version 12.00
# Visual Studio Version 17
VisualStudioVersion = 17.0.31912.275
MinimumVisualStudioVersion = 10.0.40219.1
Project("{9092AA53-FB77-4645-B42D-1CCCA6BD08BD}") = "AntiMentionBot", "AntiMentionBot\AntiMentionBot.njsproj", "{EB9DA690-0C86-419F-9688-6554DB8579FE}"
EndProject
Global
	GlobalSection(SolutionConfigurationPlatforms) = preSolution
		Debug|Any CPU = Debug|Any CPU
		Release|Any CPU = Release|Any CPU
	EndGlobalSection
	GlobalSection(ProjectConfigurationPlatforms) = postSolution
		{EB9DA690-0C86-419F-9688-6554DB8579FE}.Debug|Any CPU.ActiveCfg = Debug|Any CPU
		{EB9DA690-0C86-419F-9688-6554DB8579FE}.Debug|Any CPU.Build.0 = Debug|Any CPU
		{EB9DA690-0C86-419F-9688-6554DB8579FE}.Release|Any CPU.ActiveCfg = Release|Any CPU
		{EB9DA690-0C86-419F-9688-6554DB8579FE}.Release|Any CPU.Build.0 = Release|Any CPU
	EndGlobalSection
	GlobalSection(SolutionProperties) = preSolution
		HideSolutionNode = FALSE
	EndGlobalSection
	GlobalSection(ExtensibilityGlobals) = postSolution
		SolutionGuid = {8A2885E0-DFFC-4B17-9973-16FDBF812BB6}
	EndGlobalSection
EndGlobal
